
Microsoft Visual Studio Solution File, Format Version 11.00
# Visual C# Express 2010
Project("{FAE04EC0-301F-11D3-BF4B-00C04F79EFBC}") = "ForIterations", "ForIterations\ForIterations.csproj", "{EDCBD471-7870-4229-A5B3-4201BBC2D64C}"
EndProject
Global
	GlobalSection(SolutionConfigurationPlatforms) = preSolution
		Debug|x86 = Debug|x86
		Release|x86 = Release|x86
	EndGlobalSection
	GlobalSection(ProjectConfigurationPlatforms) = postSolution
		{EDCBD471-7870-4229-A5B3-4201BBC2D64C}.Debug|x86.ActiveCfg = Debug|x86
		{EDCBD471-7870-4229-A5B3-4201BBC2D64C}.Debug|x86.Build.0 = Debug|x86
		{EDCBD471-7870-4229-A5B3-4201BBC2D64C}.Release|x86.ActiveCfg = Release|x86
		{EDCBD471-7870-4229-A5B3-4201BBC2D64C}.Release|x86.Build.0 = Release|x86
	EndGlobalSection
	GlobalSection(SolutionProperties) = preSolution
		HideSolutionNode = FALSE
	EndGlobalSection
EndGlobal
