
Microsoft Visual Studio Solution File, Format Version 11.00
# Visual C# Express 2010
Project("{FAE04EC0-301F-11D3-BF4B-00C04F79EFBC}") = "Strings", "Strings\Strings.csproj", "{8E219FD3-F0F6-4911-BF08-10DBD3A7E9BA}"
EndProject
Global
	GlobalSection(SolutionConfigurationPlatforms) = preSolution
		Debug|x86 = Debug|x86
		Release|x86 = Release|x86
	EndGlobalSection
	GlobalSection(ProjectConfigurationPlatforms) = postSolution
		{8E219FD3-F0F6-4911-BF08-10DBD3A7E9BA}.Debug|x86.ActiveCfg = Debug|x86
		{8E219FD3-F0F6-4911-BF08-10DBD3A7E9BA}.Debug|x86.Build.0 = Debug|x86
		{8E219FD3-F0F6-4911-BF08-10DBD3A7E9BA}.Release|x86.ActiveCfg = Release|x86
		{8E219FD3-F0F6-4911-BF08-10DBD3A7E9BA}.Release|x86.Build.0 = Release|x86
	EndGlobalSection
	GlobalSection(SolutionProperties) = preSolution
		HideSolutionNode = FALSE
	EndGlobalSection
EndGlobal
